
Microsoft Visual Studio Solution File, Format Version 12.00
Project("{FAE04EC0-301F-11D3-BF4B-00C04F79EFBC}") = "MekajikiPtyPlayer", "MekajikiPtyPlayer\MekajikiPtyPlayer.csproj", "{FE17370E-962B-43E4-97A2-2864CA8518D6}"
EndProject
Global
	GlobalSection(SolutionConfigurationPlatforms) = preSolution
		Debug|Any CPU = Debug|Any CPU
		Release|Any CPU = Release|Any CPU
	EndGlobalSection
	GlobalSection(ProjectConfigurationPlatforms) = postSolution
		{FE17370E-962B-43E4-97A2-2864CA8518D6}.Debug|Any CPU.ActiveCfg = Debug|Any CPU
		{FE17370E-962B-43E4-97A2-2864CA8518D6}.Debug|Any CPU.Build.0 = Debug|Any CPU
		{FE17370E-962B-43E4-97A2-2864CA8518D6}.Release|Any CPU.ActiveCfg = Release|Any CPU
		{FE17370E-962B-43E4-97A2-2864CA8518D6}.Release|Any CPU.Build.0 = Release|Any CPU
	EndGlobalSection
EndGlobal
